
Microsoft Visual Studio Solution File, Format Version 12.00
# Visual Studio Version 16
VisualStudioVersion = 16.6.30114.105
MinimumVisualStudioVersion = 10.0.40219.1
Project("{FAE04EC0-301F-11D3-BF4B-00C04F79EFBC}") = "API", "API\API.csproj", "{387D3089-ABA7-49AB-8389-07B1887C316C}"
EndProject
Project("{FAE04EC0-301F-11D3-BF4B-00C04F79EFBC}") = "Core", "Core\Core.csproj", "{C4341A06-9AC7-46B9-922F-D05EF81224D6}"
EndProject
Project("{FAE04EC0-301F-11D3-BF4B-00C04F79EFBC}") = "Infrastructure", "Infrastructure\Infrastructure.csproj", "{0AF4E1C6-6E19-4C97-BE24-A2C451A9100D}"
EndProject
Global
	GlobalSection(SolutionConfigurationPlatforms) = preSolution
		Debug|Any CPU = Debug|Any CPU
		Debug|x64 = Debug|x64
		Debug|x86 = Debug|x86
		Release|Any CPU = Release|Any CPU
		Release|x64 = Release|x64
		Release|x86 = Release|x86
	EndGlobalSection
	GlobalSection(SolutionProperties) = preSolution
		HideSolutionNode = FALSE
	EndGlobalSection
	GlobalSection(ProjectConfigurationPlatforms) = postSolution
		{387D3089-ABA7-49AB-8389-07B1887C316C}.Debug|Any CPU.ActiveCfg = Debug|Any CPU
		{387D3089-ABA7-49AB-8389-07B1887C316C}.Debug|Any CPU.Build.0 = Debug|Any CPU
		{387D3089-ABA7-49AB-8389-07B1887C316C}.Debug|x64.ActiveCfg = Debug|Any CPU
		{387D3089-ABA7-49AB-8389-07B1887C316C}.Debug|x64.Build.0 = Debug|Any CPU
		{387D3089-ABA7-49AB-8389-07B1887C316C}.Debug|x86.ActiveCfg = Debug|Any CPU
		{387D3089-ABA7-49AB-8389-07B1887C316C}.Debug|x86.Build.0 = Debug|Any CPU
		{387D3089-ABA7-49AB-8389-07B1887C316C}.Release|Any CPU.ActiveCfg = Release|Any CPU
		{387D3089-ABA7-49AB-8389-07B1887C316C}.Release|Any CPU.Build.0 = Release|Any CPU
		{387D3089-ABA7-49AB-8389-07B1887C316C}.Release|x64.ActiveCfg = Release|Any CPU
		{387D3089-ABA7-49AB-8389-07B1887C316C}.Release|x64.Build.0 = Release|Any CPU
		{387D3089-ABA7-49AB-8389-07B1887C316C}.Release|x86.ActiveCfg = Release|Any CPU
		{387D3089-ABA7-49AB-8389-07B1887C316C}.Release|x86.Build.0 = Release|Any CPU
		{C4341A06-9AC7-46B9-922F-D05EF81224D6}.Debug|Any CPU.ActiveCfg = Debug|Any CPU
		{C4341A06-9AC7-46B9-922F-D05EF81224D6}.Debug|Any CPU.Build.0 = Debug|Any CPU
		{C4341A06-9AC7-46B9-922F-D05EF81224D6}.Debug|x64.ActiveCfg = Debug|Any CPU
		{C4341A06-9AC7-46B9-922F-D05EF81224D6}.Debug|x64.Build.0 = Debug|Any CPU
		{C4341A06-9AC7-46B9-922F-D05EF81224D6}.Debug|x86.ActiveCfg = Debug|Any CPU
		{C4341A06-9AC7-46B9-922F-D05EF81224D6}.Debug|x86.Build.0 = Debug|Any CPU
		{C4341A06-9AC7-46B9-922F-D05EF81224D6}.Release|Any CPU.ActiveCfg = Release|Any CPU
		{C4341A06-9AC7-46B9-922F-D05EF81224D6}.Release|Any CPU.Build.0 = Release|Any CPU
		{C4341A06-9AC7-46B9-922F-D05EF81224D6}.Release|x64.ActiveCfg = Release|Any CPU
		{C4341A06-9AC7-46B9-922F-D05EF81224D6}.Release|x64.Build.0 = Release|Any CPU
		{C4341A06-9AC7-46B9-922F-D05EF81224D6}.Release|x86.ActiveCfg = Release|Any CPU
		{C4341A06-9AC7-46B9-922F-D05EF81224D6}.Release|x86.Build.0 = Release|Any CPU
		{0AF4E1C6-6E19-4C97-BE24-A2C451A9100D}.Debug|Any CPU.ActiveCfg = Debug|Any CPU
		{0AF4E1C6-6E19-4C97-BE24-A2C451A9100D}.Debug|Any CPU.Build.0 = Debug|Any CPU
		{0AF4E1C6-6E19-4C97-BE24-A2C451A9100D}.Debug|x64.ActiveCfg = Debug|Any CPU
		{0AF4E1C6-6E19-4C97-BE24-A2C451A9100D}.Debug|x64.Build.0 = Debug|Any CPU
		{0AF4E1C6-6E19-4C97-BE24-A2C451A9100D}.Debug|x86.ActiveCfg = Debug|Any CPU
		{0AF4E1C6-6E19-4C97-BE24-A2C451A9100D}.Debug|x86.Build.0 = Debug|Any CPU
		{0AF4E1C6-6E19-4C97-BE24-A2C451A9100D}.Release|Any CPU.ActiveCfg = Release|Any CPU
		{0AF4E1C6-6E19-4C97-BE24-A2C451A9100D}.Release|Any CPU.Build.0 = Release|Any CPU
		{0AF4E1C6-6E19-4C97-BE24-A2C451A9100D}.Release|x64.ActiveCfg = Release|Any CPU
		{0AF4E1C6-6E19-4C97-BE24-A2C451A9100D}.Release|x64.Build.0 = Release|Any CPU
		{0AF4E1C6-6E19-4C97-BE24-A2C451A9100D}.Release|x86.ActiveCfg = Release|Any CPU
		{0AF4E1C6-6E19-4C97-BE24-A2C451A9100D}.Release|x86.Build.0 = Release|Any CPU
	EndGlobalSection
EndGlobal
